
Microsoft Visual Studio Solution File, Format Version 12.00
Project("{FAE04EC0-301F-11D3-BF4B-00C04F79EFBC}") = "DirectoryAnalyzer", "DirectoryAnalyzer\DirectoryAnalyzer.csproj", "{0684289E-5528-43AF-B7E0-39BA30A521B0}"
EndProject
Global
	GlobalSection(SolutionConfigurationPlatforms) = preSolution
		Debug|Any CPU = Debug|Any CPU
		Release|Any CPU = Release|Any CPU
	EndGlobalSection
	GlobalSection(ProjectConfigurationPlatforms) = postSolution
		{0684289E-5528-43AF-B7E0-39BA30A521B0}.Debug|Any CPU.ActiveCfg = Debug|Any CPU
		{0684289E-5528-43AF-B7E0-39BA30A521B0}.Debug|Any CPU.Build.0 = Debug|Any CPU
		{0684289E-5528-43AF-B7E0-39BA30A521B0}.Release|Any CPU.ActiveCfg = Release|Any CPU
		{0684289E-5528-43AF-B7E0-39BA30A521B0}.Release|Any CPU.Build.0 = Release|Any CPU
	EndGlobalSection
EndGlobal
